version = 1
requires-python = ">=3.12"

[[package]]
name = "dnspython"
version = "2.7.0"
source = { registry = "https://pypi.org/simple" }
sdist = { url = "https://files.pythonhosted.org/packages/b5/4a/263763cb2ba3816dd94b08ad3a33d5fdae34ecb856678773cc40a3605829/dnspython-2.7.0.tar.gz", hash = "sha256:ce9c432eda0dc91cf618a5cedf1a4e142651196bbcd2c80e89ed5a907e5cfaf1", size = 345197 }
wheels = [
    { url = "https://files.pythonhosted.org/packages/68/1b/e0a87d256e40e8c888847551b20a017a6b98139178505dc7ffb96f04e954/dnspython-2.7.0-py3-none-any.whl", hash = "sha256:b4c34b7d10b51bcc3a5071e7b8dee77939f1e878477eeecc965e9835f63c6c86", size = 313632 },
]

[[package]]
name = "mongodb"
version = "0.1.0"
source = { virtual = "." }
dependencies = [
    { name = "motor" },
    { name = "pymongo" },
    { name = "python-dotenv" },
]

[package.metadata]
requires-dist = [
    { name = "motor", specifier = ">=3.7.0" },
    { name = "pymongo", extras = ["srv"], specifier = ">=4.11" },
    { name = "python-dotenv", specifier = ">=1.0.1" },
]

[[package]]
name = "motor"
version = "3.7.0"
source = { registry = "https://pypi.org/simple" }
dependencies = [
    { name = "pymongo" },
]
sdist = { url = "https://files.pythonhosted.org/packages/2b/c0/b94558a88fb8406b092bb180c6fa5fb3068f8ec2c7e84dd2b0625f4f4f6e/motor-3.7.0.tar.gz", hash = "sha256:0dfa1f12c812bd90819c519b78bed626b5a9dbb29bba079ccff2bfa8627e0fec", size = 279745 }
wheels = [
    { url = "https://files.pythonhosted.org/packages/ab/a6/e915e3225cc431c7ff07fd3e5ae138f6eb1c3ef4f8e8356cab1ea5dc1ed5/motor-3.7.0-py3-none-any.whl", hash = "sha256:61bdf1afded179f008d423f98066348157686f25a90776ea155db5f47f57d605", size = 74811 },
]

[[package]]
name = "pymongo"
version = "4.11"
source = { registry = "https://pypi.org/simple" }
dependencies = [
    { name = "dnspython" },
]
sdist = { url = "https://files.pythonhosted.org/packages/b4/36/71797b3edfd77f32c79a0ca7e35ec37f0242733224347ed1986d86b12df5/pymongo-4.11.tar.gz", hash = "sha256:21b9969e155c4b16a160fbe90c390a07ca7514479af6c3811b1d15ead26e10ba", size = 2052917 }
wheels = [
    { url = "https://files.pythonhosted.org/packages/cd/91/d641d3658adec7f40ec661ae1a6f1588d5adcdbab94241fc15582bdf58d1/pymongo-4.11-cp312-cp312-macosx_10_13_x86_64.whl", hash = "sha256:254aa90fafead13aca8dbcfbc407e2f6f7c125fce726925bd96adc74b6226f9e", size = 895335 },
    { url = "https://files.pythonhosted.org/packages/00/e3/471839c8705ae024d6eb3af65bd2fac85b33561c04048ff846d22d5ed9d4/pymongo-4.11-cp312-cp312-macosx_11_0_arm64.whl", hash = "sha256:e84e27d6fa4b3e532043daf89d52d2cfbd7b4697b44b86a7b3db8cacdcfcc58c", size = 895035 },
    { url = "https://files.pythonhosted.org/packages/50/51/e25c686128abce5b87289056d50d81073470cb59a5f1fd797a136a9c32d9/pymongo-4.11-cp312-cp312-manylinux_2_17_aarch64.manylinux2014_aarch64.whl", hash = "sha256:7ac81987985275abeb53f5faa5c4a7f7890df9368c0f730fe37460a6301d94d7", size = 1673755 },
    { url = "https://files.pythonhosted.org/packages/03/73/e5a8fba8a03df7d4f4223f94507449f075b4c2f239d84302db4dc6f245d7/pymongo-4.11-cp312-cp312-manylinux_2_17_x86_64.manylinux2014_x86_64.whl", hash = "sha256:85cfc99af2ae0fb8699e15b1f3479018216eb75d80f0082973a876ecfdf1022e", size = 1677001 },
    { url = "https://files.pythonhosted.org/packages/f1/56/3e2af56a53e9d5a98da892a88d5a91ea9a731c6b2d7ec3d6d38947685572/pymongo-4.11-cp312-cp312-manylinux_2_5_i686.manylinux1_i686.manylinux_2_17_i686.manylinux2014_i686.whl", hash = "sha256:b885210269455e05f5704887a4c7b3b99d03c9ab37f320005acc21d1761f1656", size = 1636120 },
    { url = "https://files.pythonhosted.org/packages/c9/0d/c9c2d4425d82d4f914f87784bf4369102c3faeee05dfb5b5edf729bad68e/pymongo-4.11-cp312-cp312-win32.whl", hash = "sha256:b7af60e034e04c3206dfbe2a7bbcc46057ca4f9ad8ed66869bf669c02a1e6e99", size = 864006 },
    { url = "https://files.pythonhosted.org/packages/3f/ca/45cc3ab47879cc3be19fb7aa675c88127be4198e09626bc4e4a39357cfe4/pymongo-4.11-cp312-cp312-win_amd64.whl", hash = "sha256:74f02b7dbb3b15c2e48c7bb28941f6198dc73ced09683738180a9fdbfc0983b2", size = 882273 },
    { url = "https://files.pythonhosted.org/packages/56/1b/9150417d1ea05b19447dcb61381a4638db22bbe7616261335b8df60bf317/pymongo-4.11-cp313-cp313-macosx_10_13_x86_64.whl", hash = "sha256:d33c80afcbfdd2934917fedfa005251484ca8d98767c74793c35d5f24b8e48f1", size = 949594 },
    { url = "https://files.pythonhosted.org/packages/b6/f5/40b0b21b469b555de0d33d4a115bd5bfd9cc8933bb82193fb18b0e6cc240/pymongo-4.11-cp313-cp313-macosx_11_0_arm64.whl", hash = "sha256:d4db6f7515f5087ae9deecc3b60d3d8a512b1a0a9bff93113bc9edf20ed29ab9", size = 949273 },
    { url = "https://files.pythonhosted.org/packages/43/d1/3d7a54b5c77789b3f7a5f240dddc4558861cd39bbc890c5b2cd842ab0598/pymongo-4.11-cp313-cp313-manylinux_2_17_aarch64.manylinux2014_aarch64.whl", hash = "sha256:c3a7ead31317d3a3eabc17486c75ad109f3d514a702002e52da474b59dd8acce", size = 1937656 },
    { url = "https://files.pythonhosted.org/packages/29/db/8eb5513aa6754fb91adf3a64a87ae3c6f80474bcbdedd74801d345ff20e9/pymongo-4.11-cp313-cp313-manylinux_2_17_x86_64.manylinux2014_x86_64.whl", hash = "sha256:4c0ab91c06bf79dd3d3fd5f2a53fe22db8036084ddcfaacd80e83828b6eb4f25", size = 1939577 },
    { url = "https://files.pythonhosted.org/packages/b7/ea/6fec3e6011927c0a6ed863cbfa6f7a33f2c67d8691d78088a04606812ac8/pymongo-4.11-cp313-cp313-manylinux_2_5_i686.manylinux1_i686.manylinux_2_17_i686.manylinux2014_i686.whl", hash = "sha256:9a04f49d6f1fa4f4e6a98ef76b4881b4a9c7decd8a90ee5c9aeff087662e2d8a", size = 1889013 },
    { url = "https://files.pythonhosted.org/packages/a6/b0/87011f6427f291f34254f725fda6e8780b4dd18b2af0c0b066094d56bd24/pymongo-4.11-cp313-cp313-win32.whl", hash = "sha256:981ae0caa245bedf9af3af9159ae71b05444e35dd61a0250235b5c58dcd69178", size = 910348 },
    { url = "https://files.pythonhosted.org/packages/92/42/fa3de33777f0394eeb505295b64f961ec97f4e733b465a79aed66e0b3d61/pymongo-4.11-cp313-cp313-win_amd64.whl", hash = "sha256:8e5a56a508612c64906d5375ebee413cee2fc432c09abd9cb4d9e23ac8bcdd3a", size = 932921 },
    { url = "https://files.pythonhosted.org/packages/33/63/5f4d8a877d9e754cc05a96961d9d3200f3c61f5bf1fecc20a39ec5e4431f/pymongo-4.11-cp313-cp313t-macosx_10_13_x86_64.whl", hash = "sha256:c3b67a2949240d63a0b8b1094e1d2d4b94dedf0317ac6e14164adc9aaf260963", size = 1006110 },
    { url = "https://files.pythonhosted.org/packages/ad/32/7bb57a0398174a9807336da529ac8afa8b3e788354bf5cdb40764b420e18/pymongo-4.11-cp313-cp313t-macosx_11_0_arm64.whl", hash = "sha256:17d4b787afed3163e5faa147b028d8ec7996a5388328499588c5c5858f26ab8a", size = 1006098 },
    { url = "https://files.pythonhosted.org/packages/f4/4b/f99c08992aff1acb54836aa7e7e24315f6aa2b91df5a2974d9a7e6fd1fd1/pymongo-4.11-cp313-cp313t-manylinux_2_17_aarch64.manylinux2014_aarch64.whl", hash = "sha256:ae7f636010ce54885f1ea19c37ea2cb744d976ce689361a776fd0e991d020b81", size = 2266363 },
    { url = "https://files.pythonhosted.org/packages/48/26/6a29c4f9eb58716d7cb170e6e3628de34774dfad3fdec870bcc41e076b6c/pymongo-4.11-cp313-cp313t-manylinux_2_17_x86_64.manylinux2014_x86_64.whl", hash = "sha256:c7f2309384de675e7e25104fc5947acb65ad3ba69dc8246095d57ff1220dfcbb", size = 2263760 },
    { url = "https://files.pythonhosted.org/packages/29/d3/6fa17edadba7fd5f68e823d62d484a3ef5a7d48c224cfff3952343bcc2a4/pymongo-4.11-cp313-cp313t-manylinux_2_5_i686.manylinux1_i686.manylinux_2_17_i686.manylinux2014_i686.whl", hash = "sha256:17966e98d0350b578a337f053cc541458c296236d4b5b4b8adb76f5e82644fb8", size = 2202777 },
    { url = "https://files.pythonhosted.org/packages/6e/fa/76ecd623ce046e44a6025a017e0322fbed7db8be11b1e87d721b3108eb2c/pymongo-4.11-cp313-cp313t-win32.whl", hash = "sha256:b7246f2060ba03dcc25ade803bc6a3c39f1cc7db93297875edd251ca8cf5cac7", size = 959225 },
    { url = "https://files.pythonhosted.org/packages/54/0a/c20ef65268514be131860e7d70d4f3892114b6a6e2a3a4a56a9f6aff901b/pymongo-4.11-cp313-cp313t-win_amd64.whl", hash = "sha256:488e3440f5bedcbf494fd02c0a433cb5be7e55ba44dc72202813e1007a865e6a", size = 987846 },
]

[[package]]
name = "python-dotenv"
version = "1.0.1"
source = { registry = "https://pypi.org/simple" }
sdist = { url = "https://files.pythonhosted.org/packages/bc/57/e84d88dfe0aec03b7a2d4327012c1627ab5f03652216c63d49846d7a6c58/python-dotenv-1.0.1.tar.gz", hash = "sha256:e324ee90a023d808f1959c46bcbc04446a10ced277783dc6ee09987c37ec10ca", size = 39115 }
wheels = [
    { url = "https://files.pythonhosted.org/packages/6a/3e/b68c118422ec867fa7ab88444e1274aa40681c606d59ac27de5a5588f082/python_dotenv-1.0.1-py3-none-any.whl", hash = "sha256:f7b63ef50f1b690dddf550d03497b66d609393b40b564ed0d674909a68ebf16a", size = 19863 },
]
